// !$*UTF8*$!
{
	archiveVersion = 1;
	classes = {
	};
	objectVersion = 56;
	objects = {

/* Begin PBXBuildFile section */
		180083A1297C0B40001761A0 /* hwSuffixArrayApp.swift in Sources */ = {isa = PBXBuildFile; fileRef = 180083A0297C0B40001761A0 /* hwSuffixArrayApp.swift */; };
		180083A3297C0B40001761A0 /* ContentView.swift in Sources */ = {isa = PBXBuildFile; fileRef = 180083A2297C0B40001761A0 /* ContentView.swift */; };
		180083A5297C0B41001761A0 /* Assets.xcassets in Resources */ = {isa = PBXBuildFile; fileRef = 180083A4297C0B41001761A0 /* Assets.xcassets */; };
		180083A8297C0B41001761A0 /* Preview Assets.xcassets in Resources */ = {isa = PBXBuildFile; fileRef = 180083A7297C0B41001761A0 /* Preview Assets.xcassets */; };
		180083B0297C184C001761A0 /* suffixArray.swift in Sources */ = {isa = PBXBuildFile; fileRef = 180083AF297C184C001761A0 /* suffixArray.swift */; };
		18E63A1329BDD276004B52BB /* TextFieldViewModel.swift in Sources */ = {isa = PBXBuildFile; fileRef = 18E63A1229BDD276004B52BB /* TextFieldViewModel.swift */; };
		18E63A1629BDD2BF004B52BB /* TextFieldElement.swift in Sources */ = {isa = PBXBuildFile; fileRef = 18E63A1529BDD2BF004B52BB /* TextFieldElement.swift */; };
		18E63A1929BDDE0D004B52BB /* Sequences.swift in Sources */ = {isa = PBXBuildFile; fileRef = 18E63A1829BDDE0D004B52BB /* Sequences.swift */; };
/* End PBXBuildFile section */

/* Begin PBXFileReference section */
		1800839D297C0B40001761A0 /* hwSuffixArray.app */ = {isa = PBXFileReference; explicitFileType = wrapper.application; includeInIndex = 0; path = hwSuffixArray.app; sourceTree = BUILT_PRODUCTS_DIR; };
		180083A0297C0B40001761A0 /* hwSuffixArrayApp.swift */ = {isa = PBXFileReference; lastKnownFileType = sourcecode.swift; path = hwSuffixArrayApp.swift; sourceTree = "<group>"; };
		180083A2297C0B40001761A0 /* ContentView.swift */ = {isa = PBXFileReference; lastKnownFileType = sourcecode.swift; path = ContentView.swift; sourceTree = "<group>"; };
		180083A4297C0B41001761A0 /* Assets.xcassets */ = {isa = PBXFileReference; lastKnownFileType = folder.assetcatalog; path = Assets.xcassets; sourceTree = "<group>"; };
		180083A7297C0B41001761A0 /* Preview Assets.xcassets */ = {isa = PBXFileReference; lastKnownFileType = folder.assetcatalog; path = "Preview Assets.xcassets"; sourceTree = "<group>"; };
		180083AE297C0B6C001761A0 /* README.md */ = {isa = PBXFileReference; lastKnownFileType = net.daringfireball.markdown; path = README.md; sourceTree = "<group>"; };
		180083AF297C184C001761A0 /* suffixArray.swift */ = {isa = PBXFileReference; lastKnownFileType = sourcecode.swift; path = suffixArray.swift; sourceTree = "<group>"; };
		18E63A1229BDD276004B52BB /* TextFieldViewModel.swift */ = {isa = PBXFileReference; lastKnownFileType = sourcecode.swift; path = TextFieldViewModel.swift; sourceTree = "<group>"; };
		18E63A1529BDD2BF004B52BB /* TextFieldElement.swift */ = {isa = PBXFileReference; lastKnownFileType = sourcecode.swift; path = TextFieldElement.swift; sourceTree = "<group>"; };
		18E63A1829BDDE0D004B52BB /* Sequences.swift */ = {isa = PBXFileReference; lastKnownFileType = sourcecode.swift; path = Sequences.swift; sourceTree = "<group>"; };
/* End PBXFileReference section */

/* Begin PBXFrameworksBuildPhase section */
		1800839A297C0B40001761A0 /* Frameworks */ = {
			isa = PBXFrameworksBuildPhase;
			buildActionMask = 2147483647;
			files = (
			);
			runOnlyForDeploymentPostprocessing = 0;
		};
/* End PBXFrameworksBuildPhase section */

/* Begin PBXGroup section */
		18008394297C0B40001761A0 = {
			isa = PBXGroup;
			children = (
				180083AE297C0B6C001761A0 /* README.md */,
				1800839F297C0B40001761A0 /* hwSuffixArray */,
				1800839E297C0B40001761A0 /* Products */,
			);
			sourceTree = "<group>";
		};
		1800839E297C0B40001761A0 /* Products */ = {
			isa = PBXGroup;
			children = (
				1800839D297C0B40001761A0 /* hwSuffixArray.app */,
			);
			name = Products;
			sourceTree = "<group>";
		};
		1800839F297C0B40001761A0 /* hwSuffixArray */ = {
			isa = PBXGroup;
			children = (
				18E63A1729BDDDEC004B52BB /* suffixArray */,
				18E63A1429BDD298004B52BB /* SegmentedControl */,
				18E63A1129BDD258004B52BB /* TextField */,
				180083B1297C1855001761A0 /* app */,
				180083A4297C0B41001761A0 /* Assets.xcassets */,
				180083A6297C0B41001761A0 /* Preview Content */,
			);
			path = hwSuffixArray;
			sourceTree = "<group>";
		};
		180083A6297C0B41001761A0 /* Preview Content */ = {
			isa = PBXGroup;
			children = (
				180083A7297C0B41001761A0 /* Preview Assets.xcassets */,
			);
			path = "Preview Content";
			sourceTree = "<group>";
		};
		180083B1297C1855001761A0 /* app */ = {
			isa = PBXGroup;
			children = (
				180083A0297C0B40001761A0 /* hwSuffixArrayApp.swift */,
				180083A2297C0B40001761A0 /* ContentView.swift */,
			);
			path = app;
			sourceTree = "<group>";
		};
		18E63A1129BDD258004B52BB /* TextField */ = {
			isa = PBXGroup;
			children = (
				18E63A1529BDD2BF004B52BB /* TextFieldElement.swift */,
				18E63A1229BDD276004B52BB /* TextFieldViewModel.swift */,
			);
			path = TextField;
			sourceTree = "<group>";
		};
		18E63A1429BDD298004B52BB /* SegmentedControl */ = {
			isa = PBXGroup;
			children = (
			);
			path = SegmentedControl;
			sourceTree = "<group>";
		};
		18E63A1729BDDDEC004B52BB /* suffixArray */ = {
			isa = PBXGroup;
			children = (
				180083AF297C184C001761A0 /* suffixArray.swift */,
				18E63A1829BDDE0D004B52BB /* Sequences.swift */,
			);
			path = suffixArray;
			sourceTree = "<group>";
		};
/* End PBXGroup section */

/* Begin PBXNativeTarget section */
		1800839C297C0B40001761A0 /* hwSuffixArray */ = {
			isa = PBXNativeTarget;
			buildConfigurationList = 180083AB297C0B41001761A0 /* Build configuration list for PBXNativeTarget "hwSuffixArray" */;
			buildPhases = (
				18008399297C0B40001761A0 /* Sources */,
				1800839A297C0B40001761A0 /* Frameworks */,
				1800839B297C0B40001761A0 /* Resources */,
			);
			buildRules = (
			);
			dependencies = (
			);
			name = hwSuffixArray;
			productName = hwSuffixArray;
			productReference = 1800839D297C0B40001761A0 /* hwSuffixArray.app */;
			productType = "com.apple.product-type.application";
		};
/* End PBXNativeTarget section */

/* Begin PBXProject section */
		18008395297C0B40001761A0 /* Project object */ = {
			isa = PBXProject;
			attributes = {
				BuildIndependentTargetsInParallel = 1;
				LastSwiftUpdateCheck = 1420;
				LastUpgradeCheck = 1420;
				TargetAttributes = {
					1800839C297C0B40001761A0 = {
						CreatedOnToolsVersion = 14.2;
					};
				};
			};
			buildConfigurationList = 18008398297C0B40001761A0 /* Build configuration list for PBXProject "hwSuffixArray" */;
			compatibilityVersion = "Xcode 14.0";
			developmentRegion = en;
			hasScannedForEncodings = 0;
			knownRegions = (
				en,
				Base,
			);
			mainGroup = 18008394297C0B40001761A0;
			productRefGroup = 1800839E297C0B40001761A0 /* Products */;
			projectDirPath = "";
			projectRoot = "";
			targets = (
				1800839C297C0B40001761A0 /* hwSuffixArray */,
			);
		};
/* End PBXProject section */

/* Begin PBXResourcesBuildPhase section */
		1800839B297C0B40001761A0 /* Resources */ = {
			isa = PBXResourcesBuildPhase;
			buildActionMask = 2147483647;
			files = (
				180083A8297C0B41001761A0 /* Preview Assets.xcassets in Resources */,
				180083A5297C0B41001761A0 /* Assets.xcassets in Resources */,
			);
			runOnlyForDeploymentPostprocessing = 0;
		};
/* End PBXResourcesBuildPhase section */

/* Begin PBXSourcesBuildPhase section */
		18008399297C0B40001761A0 /* Sources */ = {
			isa = PBXSourcesBuildPhase;
			buildActionMask = 2147483647;
			files = (
				18E63A1329BDD276004B52BB /* TextFieldViewModel.swift in Sources */,
				180083B0297C184C001761A0 /* suffixArray.swift in Sources */,
				18E63A1929BDDE0D004B52BB /* Sequences.swift in Sources */,
				180083A3297C0B40001761A0 /* ContentView.swift in Sources */,
				180083A1297C0B40001761A0 /* hwSuffixArrayApp.swift in Sources */,
				18E63A1629BDD2BF004B52BB /* TextFieldElement.swift in Sources */,
			);
			runOnlyForDeploymentPostprocessing = 0;
		};
/* End PBXSourcesBuildPhase section */

/* Begin XCBuildConfiguration section */
		180083A9297C0B41001761A0 /* Debug */ = {
			isa = XCBuildConfiguration;
			buildSettings = {
				ALWAYS_SEARCH_USER_PATHS = NO;
				CLANG_ANALYZER_NONNULL = YES;
				CLANG_ANALYZER_NUMBER_OBJECT_CONVERSION = YES_AGGRESSIVE;
				CLANG_CXX_LANGUAGE_STANDARD = "gnu++20";
				CLANG_ENABLE_MODULES = YES;
				CLANG_ENABLE_OBJC_ARC = YES;
				CLANG_ENABLE_OBJC_WEAK = YES;
				CLANG_WARN_BLOCK_CAPTURE_AUTORELEASING = YES;
				CLANG_WARN_BOOL_CONVERSION = YES;
				CLANG_WARN_COMMA = YES;
				CLANG_WARN_CONSTANT_CONVERSION = YES;
				CLANG_WARN_DEPRECATED_OBJC_IMPLEMENTATIONS = YES;
				CLANG_WARN_DIRECT_OBJC_ISA_USAGE = YES_ERROR;
				CLANG_WARN_DOCUMENTATION_COMMENTS = YES;
				CLANG_WARN_EMPTY_BODY = YES;
				CLANG_WARN_ENUM_CONVERSION = YES;
				CLANG_WARN_INFINITE_RECURSION = YES;
				CLANG_WARN_INT_CONVERSION = YES;
				CLANG_WARN_NON_LITERAL_NULL_CONVERSION = YES;
				CLANG_WARN_OBJC_IMPLICIT_RETAIN_SELF = YES;
				CLANG_WARN_OBJC_LITERAL_CONVERSION = YES;
				CLANG_WARN_OBJC_ROOT_CLASS = YES_ERROR;
				CLANG_WARN_QUOTED_INCLUDE_IN_FRAMEWORK_HEADER = YES;
				CLANG_WARN_RANGE_LOOP_ANALYSIS = YES;
				CLANG_WARN_STRICT_PROTOTYPES = YES;
				CLANG_WARN_SUSPICIOUS_MOVE = YES;
				CLANG_WARN_UNGUARDED_AVAILABILITY = YES_AGGRESSIVE;
				CLANG_WARN_UNREACHABLE_CODE = YES;
				CLANG_WARN__DUPLICATE_METHOD_MATCH = YES;
				COPY_PHASE_STRIP = NO;
				DEBUG_INFORMATION_FORMAT = dwarf;
				ENABLE_STRICT_OBJC_MSGSEND = YES;
				ENABLE_TESTABILITY = YES;
				GCC_C_LANGUAGE_STANDARD = gnu11;
				GCC_DYNAMIC_NO_PIC = NO;
				GCC_NO_COMMON_BLOCKS = YES;
				GCC_OPTIMIZATION_LEVEL = 0;
				GCC_PREPROCESSOR_DEFINITIONS = (
					"DEBUG=1",
					"$(inherited)",
				);
				GCC_WARN_64_TO_32_BIT_CONVERSION = YES;
				GCC_WARN_ABOUT_RETURN_TYPE = YES_ERROR;
				GCC_WARN_UNDECLARED_SELECTOR = YES;
				GCC_WARN_UNINITIALIZED_AUTOS = YES_AGGRESSIVE;
				GCC_WARN_UNUSED_FUNCTION = YES;
				GCC_WARN_UNUSED_VARIABLE = YES;
				IPHONEOS_DEPLOYMENT_TARGET = 16.2;
				MTL_ENABLE_DEBUG_INFO = INCLUDE_SOURCE;
				MTL_FAST_MATH = YES;
				ONLY_ACTIVE_ARCH = YES;
				SDKROOT = iphoneos;
				SWIFT_ACTIVE_COMPILATION_CONDITIONS = DEBUG;
				SWIFT_OPTIMIZATION_LEVEL = "-Onone";
			};
			name = Debug;
		};
		180083AA297C0B41001761A0 /* Release */ = {
			isa = XCBuildConfiguration;
			buildSettings = {
				ALWAYS_SEARCH_USER_PATHS = NO;
				CLANG_ANALYZER_NONNULL = YES;
				CLANG_ANALYZER_NUMBER_OBJECT_CONVERSION = YES_AGGRESSIVE;
				CLANG_CXX_LANGUAGE_STANDARD = "gnu++20";
				CLANG_ENABLE_MODULES = YES;
				CLANG_ENABLE_OBJC_ARC = YES;
				CLANG_ENABLE_OBJC_WEAK = YES;
				CLANG_WARN_BLOCK_CAPTURE_AUTORELEASING = YES;
				CLANG_WARN_BOOL_CONVERSION = YES;
				CLANG_WARN_COMMA = YES;
				CLANG_WARN_CONSTANT_CONVERSION = YES;
				CLANG_WARN_DEPRECATED_OBJC_IMPLEMENTATIONS = YES;
				CLANG_WARN_DIRECT_OBJC_ISA_USAGE = YES_ERROR;
				CLANG_WARN_DOCUMENTATION_COMMENTS = YES;
				CLANG_WARN_EMPTY_BODY = YES;
				CLANG_WARN_ENUM_CONVERSION = YES;
				CLANG_WARN_INFINITE_RECURSION = YES;
				CLANG_WARN_INT_CONVERSION = YES;
				CLANG_WARN_NON_LITERAL_NULL_CONVERSION = YES;
				CLANG_WARN_OBJC_IMPLICIT_RETAIN_SELF = YES;
				CLANG_WARN_OBJC_LITERAL_CONVERSION = YES;
				CLANG_WARN_OBJC_ROOT_CLASS = YES_ERROR;
				CLANG_WARN_QUOTED_INCLUDE_IN_FRAMEWORK_HEADER = YES;
				CLANG_WARN_RANGE_LOOP_ANALYSIS = YES;
				CLANG_WARN_STRICT_PROTOTYPES = YES;
				CLANG_WARN_SUSPICIOUS_MOVE = YES;
				CLANG_WARN_UNGUARDED_AVAILABILITY = YES_AGGRESSIVE;
				CLANG_WARN_UNREACHABLE_CODE = YES;
				CLANG_WARN__DUPLICATE_METHOD_MATCH = YES;
				COPY_PHASE_STRIP = NO;
				DEBUG_INFORMATION_FORMAT = "dwarf-with-dsym";
				ENABLE_NS_ASSERTIONS = NO;
				ENABLE_STRICT_OBJC_MSGSEND = YES;
				GCC_C_LANGUAGE_STANDARD = gnu11;
				GCC_NO_COMMON_BLOCKS = YES;
				GCC_WARN_64_TO_32_BIT_CONVERSION = YES;
				GCC_WARN_ABOUT_RETURN_TYPE = YES_ERROR;
				GCC_WARN_UNDECLARED_SELECTOR = YES;
				GCC_WARN_UNINITIALIZED_AUTOS = YES_AGGRESSIVE;
				GCC_WARN_UNUSED_FUNCTION = YES;
				GCC_WARN_UNUSED_VARIABLE = YES;
				IPHONEOS_DEPLOYMENT_TARGET = 16.2;
				MTL_ENABLE_DEBUG_INFO = NO;
				MTL_FAST_MATH = YES;
				SDKROOT = iphoneos;
				SWIFT_COMPILATION_MODE = wholemodule;
				SWIFT_OPTIMIZATION_LEVEL = "-O";
				VALIDATE_PRODUCT = YES;
			};
			name = Release;
		};
		180083AC297C0B41001761A0 /* Debug */ = {
			isa = XCBuildConfiguration;
			buildSettings = {
				ASSETCATALOG_COMPILER_APPICON_NAME = AppIcon;
				ASSETCATALOG_COMPILER_GLOBAL_ACCENT_COLOR_NAME = AccentColor;
				CODE_SIGN_STYLE = Automatic;
				CURRENT_PROJECT_VERSION = 1;
				DEVELOPMENT_ASSET_PATHS = "\"hwSuffixArray/Preview Content\"";
				DEVELOPMENT_TEAM = MDZ5SL5X2T;
				ENABLE_PREVIEWS = YES;
				GENERATE_INFOPLIST_FILE = YES;
				INFOPLIST_KEY_UIApplicationSceneManifest_Generation = YES;
				INFOPLIST_KEY_UIApplicationSupportsIndirectInputEvents = YES;
				INFOPLIST_KEY_UILaunchScreen_Generation = YES;
				INFOPLIST_KEY_UISupportedInterfaceOrientations_iPad = "UIInterfaceOrientationPortrait UIInterfaceOrientationPortraitUpsideDown UIInterfaceOrientationLandscapeLeft UIInterfaceOrientationLandscapeRight";
				INFOPLIST_KEY_UISupportedInterfaceOrientations_iPhone = "UIInterfaceOrientationPortrait UIInterfaceOrientationLandscapeLeft UIInterfaceOrientationLandscapeRight";
				LD_RUNPATH_SEARCH_PATHS = (
					"$(inherited)",
					"@executable_path/Frameworks",
				);
				MARKETING_VERSION = 1.0;
				PRODUCT_BUNDLE_IDENTIFIER = otusCourse.hwSuffixArray;
				PRODUCT_NAME = "$(TARGET_NAME)";
				SWIFT_EMIT_LOC_STRINGS = YES;
				SWIFT_VERSION = 5.0;
				TARGETED_DEVICE_FAMILY = "1,2";
			};
			name = Debug;
		};
		180083AD297C0B41001761A0 /* Release */ = {
			isa = XCBuildConfiguration;
			buildSettings = {
				ASSETCATALOG_COMPILER_APPICON_NAME = AppIcon;
				ASSETCATALOG_COMPILER_GLOBAL_ACCENT_COLOR_NAME = AccentColor;
				CODE_SIGN_STYLE = Automatic;
				CURRENT_PROJECT_VERSION = 1;
				DEVELOPMENT_ASSET_PATHS = "\"hwSuffixArray/Preview Content\"";
				DEVELOPMENT_TEAM = MDZ5SL5X2T;
				ENABLE_PREVIEWS = YES;
				GENERATE_INFOPLIST_FILE = YES;
				INFOPLIST_KEY_UIApplicationSceneManifest_Generation = YES;
				INFOPLIST_KEY_UIApplicationSupportsIndirectInputEvents = YES;
				INFOPLIST_KEY_UILaunchScreen_Generation = YES;
				INFOPLIST_KEY_UISupportedInterfaceOrientations_iPad = "UIInterfaceOrientationPortrait UIInterfaceOrientationPortraitUpsideDown UIInterfaceOrientationLandscapeLeft UIInterfaceOrientationLandscapeRight";
				INFOPLIST_KEY_UISupportedInterfaceOrientations_iPhone = "UIInterfaceOrientationPortrait UIInterfaceOrientationLandscapeLeft UIInterfaceOrientationLandscapeRight";
				LD_RUNPATH_SEARCH_PATHS = (
					"$(inherited)",
					"@executable_path/Frameworks",
				);
				MARKETING_VERSION = 1.0;
				PRODUCT_BUNDLE_IDENTIFIER = otusCourse.hwSuffixArray;
				PRODUCT_NAME = "$(TARGET_NAME)";
				SWIFT_EMIT_LOC_STRINGS = YES;
				SWIFT_VERSION = 5.0;
				TARGETED_DEVICE_FAMILY = "1,2";
			};
			name = Release;
		};
/* End XCBuildConfiguration section */

/* Begin XCConfigurationList section */
		18008398297C0B40001761A0 /* Build configuration list for PBXProject "hwSuffixArray" */ = {
			isa = XCConfigurationList;
			buildConfigurations = (
				180083A9297C0B41001761A0 /* Debug */,
				180083AA297C0B41001761A0 /* Release */,
			);
			defaultConfigurationIsVisible = 0;
			defaultConfigurationName = Release;
		};
		180083AB297C0B41001761A0 /* Build configuration list for PBXNativeTarget "hwSuffixArray" */ = {
			isa = XCConfigurationList;
			buildConfigurations = (
				180083AC297C0B41001761A0 /* Debug */,
				180083AD297C0B41001761A0 /* Release */,
			);
			defaultConfigurationIsVisible = 0;
			defaultConfigurationName = Release;
		};
/* End XCConfigurationList section */
	};
	rootObject = 18008395297C0B40001761A0 /* Project object */;
}
